
Microsoft Visual Studio Solution File, Format Version 12.00
# Visual Studio Version 16
VisualStudioVersion = 16.0.31205.134
MinimumVisualStudioVersion = 10.0.40219.1
Project("{FAE04EC0-301F-11D3-BF4B-00C04F79EFBC}") = "ModularAngularWeb", "ModularAngularWeb.csproj", "{68617BCE-7BC4-4C63-838C-7AD1B9640336}"
EndProject
Global
	GlobalSection(SolutionConfigurationPlatforms) = preSolution
		Debug|Any CPU = Debug|Any CPU
		Release|Any CPU = Release|Any CPU
	EndGlobalSection
	GlobalSection(ProjectConfigurationPlatforms) = postSolution
		{68617BCE-7BC4-4C63-838C-7AD1B9640336}.Debug|Any CPU.ActiveCfg = Debug|Any CPU
		{68617BCE-7BC4-4C63-838C-7AD1B9640336}.Debug|Any CPU.Build.0 = Debug|Any CPU
		{68617BCE-7BC4-4C63-838C-7AD1B9640336}.Release|Any CPU.ActiveCfg = Release|Any CPU
		{68617BCE-7BC4-4C63-838C-7AD1B9640336}.Release|Any CPU.Build.0 = Release|Any CPU
	EndGlobalSection
	GlobalSection(SolutionProperties) = preSolution
		HideSolutionNode = FALSE
	EndGlobalSection
	GlobalSection(ExtensibilityGlobals) = postSolution
		SolutionGuid = {9119C67F-4427-49A5-A2AD-650255FD8BA4}
	EndGlobalSection
EndGlobal
